
Microsoft Visual Studio Solution File, Format Version 12.00
# Visual Studio Version 16
VisualStudioVersion = 16.0.33927.289
MinimumVisualStudioVersion = 10.0.40219.1
Project("{FAE04EC0-301F-11D3-BF4B-00C04F79EFBC}") = "Code_Challenge_6", "Code_Challenge_6\Code_Challenge_6.csproj", "{D16E4EA6-3701-4E5D-A163-17E2AE0C7B9A}"
EndProject
Global
	GlobalSection(SolutionConfigurationPlatforms) = preSolution
		Debug|Any CPU = Debug|Any CPU
		Release|Any CPU = Release|Any CPU
	EndGlobalSection
	GlobalSection(ProjectConfigurationPlatforms) = postSolution
		{D16E4EA6-3701-4E5D-A163-17E2AE0C7B9A}.Debug|Any CPU.ActiveCfg = Debug|Any CPU
		{D16E4EA6-3701-4E5D-A163-17E2AE0C7B9A}.Debug|Any CPU.Build.0 = Debug|Any CPU
		{D16E4EA6-3701-4E5D-A163-17E2AE0C7B9A}.Release|Any CPU.ActiveCfg = Release|Any CPU
		{D16E4EA6-3701-4E5D-A163-17E2AE0C7B9A}.Release|Any CPU.Build.0 = Release|Any CPU
	EndGlobalSection
	GlobalSection(SolutionProperties) = preSolution
		HideSolutionNode = FALSE
	EndGlobalSection
	GlobalSection(ExtensibilityGlobals) = postSolution
		SolutionGuid = {C86513D1-C8BA-44D1-BACE-403D35867A8C}
	EndGlobalSection
EndGlobal
