
Microsoft Visual Studio Solution File, Format Version 12.00
# Visual Studio Version 16
VisualStudioVersion = 16.0.33927.289
MinimumVisualStudioVersion = 10.0.40219.1
Project("{FAE04EC0-301F-11D3-BF4B-00C04F79EFBC}") = "Assignment_3", "Assignment_3\Assignment_3.csproj", "{559735B5-4A1C-4738-ACD6-C9A514BDE1C3}"
EndProject
Global
	GlobalSection(SolutionConfigurationPlatforms) = preSolution
		Debug|Any CPU = Debug|Any CPU
		Release|Any CPU = Release|Any CPU
	EndGlobalSection
	GlobalSection(ProjectConfigurationPlatforms) = postSolution
		{559735B5-4A1C-4738-ACD6-C9A514BDE1C3}.Debug|Any CPU.ActiveCfg = Debug|Any CPU
		{559735B5-4A1C-4738-ACD6-C9A514BDE1C3}.Debug|Any CPU.Build.0 = Debug|Any CPU
		{559735B5-4A1C-4738-ACD6-C9A514BDE1C3}.Release|Any CPU.ActiveCfg = Release|Any CPU
		{559735B5-4A1C-4738-ACD6-C9A514BDE1C3}.Release|Any CPU.Build.0 = Release|Any CPU
	EndGlobalSection
	GlobalSection(SolutionProperties) = preSolution
		HideSolutionNode = FALSE
	EndGlobalSection
	GlobalSection(ExtensibilityGlobals) = postSolution
		SolutionGuid = {1A161225-CE21-4B8C-8C21-9AB66F1825E3}
	EndGlobalSection
EndGlobal
