
Microsoft Visual Studio Solution File, Format Version 12.00
# Visual Studio Version 16
VisualStudioVersion = 16.0.33927.289
MinimumVisualStudioVersion = 10.0.40219.1
Project("{FAE04EC0-301F-11D3-BF4B-00C04F79EFBC}") = "Csharp_Test_2", "Csharp_Test_2\Csharp_Test_2.csproj", "{3A3046D1-E4F5-4F34-AE90-64C1EB449DDC}"
EndProject
Global
	GlobalSection(SolutionConfigurationPlatforms) = preSolution
		Debug|Any CPU = Debug|Any CPU
		Release|Any CPU = Release|Any CPU
	EndGlobalSection
	GlobalSection(ProjectConfigurationPlatforms) = postSolution
		{3A3046D1-E4F5-4F34-AE90-64C1EB449DDC}.Debug|Any CPU.ActiveCfg = Debug|Any CPU
		{3A3046D1-E4F5-4F34-AE90-64C1EB449DDC}.Debug|Any CPU.Build.0 = Debug|Any CPU
		{3A3046D1-E4F5-4F34-AE90-64C1EB449DDC}.Release|Any CPU.ActiveCfg = Release|Any CPU
		{3A3046D1-E4F5-4F34-AE90-64C1EB449DDC}.Release|Any CPU.Build.0 = Release|Any CPU
	EndGlobalSection
	GlobalSection(SolutionProperties) = preSolution
		HideSolutionNode = FALSE
	EndGlobalSection
	GlobalSection(ExtensibilityGlobals) = postSolution
		SolutionGuid = {A242C5BC-C43A-4783-A8ED-F2C57A01D009}
	EndGlobalSection
EndGlobal
